
Microsoft Visual Studio Solution File, Format Version 12.00
# Visual Studio Version 17
VisualStudioVersion = 17.14.36221.1
MinimumVisualStudioVersion = 10.0.40219.1
Project("{FAE04EC0-301F-11D3-BF4B-00C04F79EFBC}") = "ToggleEP", "ToggleEP\ToggleEP.csproj", "{E4EEDFB7-AB02-44BB-A686-87F964B2482A}"
EndProject
Global
	GlobalSection(SolutionConfigurationPlatforms) = preSolution
		Debug|Any CPU = Debug|Any CPU
		Release|Any CPU = Release|Any CPU
	EndGlobalSection
	GlobalSection(ProjectConfigurationPlatforms) = postSolution
		{E4EEDFB7-AB02-44BB-A686-87F964B2482A}.Debug|Any CPU.ActiveCfg = Debug|Any CPU
		{E4EEDFB7-AB02-44BB-A686-87F964B2482A}.Debug|Any CPU.Build.0 = Debug|Any CPU
		{E4EEDFB7-AB02-44BB-A686-87F964B2482A}.Release|Any CPU.ActiveCfg = Release|Any CPU
		{E4EEDFB7-AB02-44BB-A686-87F964B2482A}.Release|Any CPU.Build.0 = Release|Any CPU
	EndGlobalSection
	GlobalSection(SolutionProperties) = preSolution
		HideSolutionNode = FALSE
	EndGlobalSection
	GlobalSection(ExtensibilityGlobals) = postSolution
		SolutionGuid = {19187D2D-C49F-469E-A6D0-A2048F9F7D68}
	EndGlobalSection
EndGlobal
